<?xml version="1.0" encoding="utf-8"?>
<Project ToolsVersion="4.0" xmlns="http://schemas.microsoft.com/developer/msbuild/2003">
  <ItemGroup>
    <Filter Include="Source Files">
      <UniqueIdentifier>{6afcf509-e377-4604-ae91-7ebf414c43f8}</UniqueIdentifier>
      <Extensions>cpp;c;cxx;rc;def;r;odl;idl;hpj;bat</Extensions>
    </Filter>
    <Filter Include="Header Files">
      <UniqueIdentifier>{1f5302f3-b66d-4b74-8463-2364026a5d01}</UniqueIdentifier>
      <Extensions>h;hpp;hxx;hm;inl</Extensions>
    </Filter>
  </ItemGroup>
  <ItemGroup>
    <ClCompile Include="bitstream.cpp">
      <Filter>Source Files</Filter>
    </ClCompile>
    <ClCompile Include="codedata.cpp">
      <Filter>Source Files</Filter>
    </ClCompile>
    <ClCompile Include="container.cpp">
      <Filter>Source Files</Filter>
    </ClCompile>
    <ClCompile Include="ecidecoder.cpp">
      <Filter>Source Files</Filter>
    </ClCompile>
    <ClCompile Include="formatinfo.cpp">
      <Filter>Source Files</Filter>
    </ClCompile>
    <ClCompile Include="galois.cpp">
      <Filter>Source Files</Filter>
    </ClCompile>
    <ClCompile Include="imagereader.cpp">
      <Filter>Source Files</Filter>
    </ClCompile>
    <ClCompile Include="libdecodeqr.cpp">
      <Filter>Source Files</Filter>
    </ClCompile>
  </ItemGroup>
  <ItemGroup>
    <ClInclude Include="bitstream.h">
      <Filter>Header Files</Filter>
    </ClInclude>
    <ClInclude Include="codedata.h">
      <Filter>Header Files</Filter>
    </ClInclude>
    <ClInclude Include="container.h">
      <Filter>Header Files</Filter>
    </ClInclude>
    <ClInclude Include="ecidecoder.h">
      <Filter>Header Files</Filter>
    </ClInclude>
    <ClInclude Include="formatinfo.h">
      <Filter>Header Files</Filter>
    </ClInclude>
    <ClInclude Include="galois.h">
      <Filter>Header Files</Filter>
    </ClInclude>
    <ClInclude Include="imagereader.h">
      <Filter>Header Files</Filter>
    </ClInclude>
    <ClInclude Include="qrerror.h">
      <Filter>Header Files</Filter>
    </ClInclude>
    <ClInclude Include="qrtypes.h">
      <Filter>Header Files</Filter>
    </ClInclude>
  </ItemGroup>
</Project>